// !$*UTF8*$!
{
	archiveVersion = 1;
	classes = {
	};
	objectVersion = 46;
	objects = {

/* Begin PBXBuildFile section */
		446A4F6A1AF16F6C00A1ED3A /* EPLayer.m in Sources */ = {isa = PBXBuildFile; fileRef = 446A4F691AF16F6C00A1ED3A /* EPLayer.m */; };
		44728C231B0F8B43009D4136 /* icon1.png in Resources */ = {isa = PBXBuildFile; fileRef = 44728C211B0F8B43009D4136 /* icon1.png */; };
		44728C241B0F8B43009D4136 /* icon2.png in Resources */ = {isa = PBXBuildFile; fileRef = 44728C221B0F8B43009D4136 /* icon2.png */; };
		44728C291B0F8BED009D4136 /* ButtonsViewController.m in Sources */ = {isa = PBXBuildFile; fileRef = 44728C271B0F8BED009D4136 /* ButtonsViewController.m */; };
		44728C2A1B0F8BED009D4136 /* ButtonsView.xib in Resources */ = {isa = PBXBuildFile; fileRef = 44728C281B0F8BED009D4136 /* ButtonsView.xib */; };
		44728C2E1B0F9050009D4136 /* UIColor+Extra.m in Sources */ = {isa = PBXBuildFile; fileRef = 44728C2D1B0F9050009D4136 /* UIColor+Extra.m */; };
		44728C311B0F916E009D4136 /* Global.m in Sources */ = {isa = PBXBuildFile; fileRef = 44728C301B0F916E009D4136 /* Global.m */; };
		4476F84D1B06790200E62CC8 /* EPButton.m in Sources */ = {isa = PBXBuildFile; fileRef = 4476F84C1B06790200E62CC8 /* EPButton.m */; };
		44D279091AC01B4400F0D46F /* main.m in Sources */ = {isa = PBXBuildFile; fileRef = 44D279081AC01B4400F0D46F /* main.m */; };
		44D2790C1AC01B4400F0D46F /* AppDelegate.m in Sources */ = {isa = PBXBuildFile; fileRef = 44D2790B1AC01B4400F0D46F /* AppDelegate.m */; };
		44D2790F1AC01B4400F0D46F /* MainViewController.m in Sources */ = {isa = PBXBuildFile; fileRef = 44D2790E1AC01B4400F0D46F /* MainViewController.m */; };
		44D279141AC01B4400F0D46F /* Images.xcassets in Resources */ = {isa = PBXBuildFile; fileRef = 44D279131AC01B4400F0D46F /* Images.xcassets */; };
		44D279231AC01B4400F0D46F /* EPMaterialKitTests.m in Sources */ = {isa = PBXBuildFile; fileRef = 44D279221AC01B4400F0D46F /* EPMaterialKitTests.m */; };
		44D2792D1AC021DC00F0D46F /* MainView.xib in Resources */ = {isa = PBXBuildFile; fileRef = 44D2792C1AC021DC00F0D46F /* MainView.xib */; };
		44D2792F1AC0266900F0D46F /* Default-568h@2x.png in Resources */ = {isa = PBXBuildFile; fileRef = 44D2792E1AC0266900F0D46F /* Default-568h@2x.png */; };
/* End PBXBuildFile section */

/* Begin PBXContainerItemProxy section */
		44D2791D1AC01B4400F0D46F /* PBXContainerItemProxy */ = {
			isa = PBXContainerItemProxy;
			containerPortal = 44D278FB1AC01B4400F0D46F /* Project object */;
			proxyType = 1;
			remoteGlobalIDString = 44D279021AC01B4400F0D46F;
			remoteInfo = EPMaterialKit;
		};
/* End PBXContainerItemProxy section */

/* Begin PBXFileReference section */
		446A4F681AF16F6C00A1ED3A /* EPLayer.h */ = {isa = PBXFileReference; fileEncoding = 4; lastKnownFileType = sourcecode.c.h; path = EPLayer.h; sourceTree = "<group>"; };
		446A4F691AF16F6C00A1ED3A /* EPLayer.m */ = {isa = PBXFileReference; fileEncoding = 4; lastKnownFileType = sourcecode.c.objc; path = EPLayer.m; sourceTree = "<group>"; };
		44728C211B0F8B43009D4136 /* icon1.png */ = {isa = PBXFileReference; lastKnownFileType = image.png; path = icon1.png; sourceTree = "<group>"; };
		44728C221B0F8B43009D4136 /* icon2.png */ = {isa = PBXFileReference; lastKnownFileType = image.png; path = icon2.png; sourceTree = "<group>"; };
		44728C261B0F8BED009D4136 /* ButtonsViewController.h */ = {isa = PBXFileReference; fileEncoding = 4; lastKnownFileType = sourcecode.c.h; name = ButtonsViewController.h; path = "View Controllers/ButtonsViewController.h"; sourceTree = "<group>"; };
		44728C271B0F8BED009D4136 /* ButtonsViewController.m */ = {isa = PBXFileReference; fileEncoding = 4; lastKnownFileType = sourcecode.c.objc; name = ButtonsViewController.m; path = "View Controllers/ButtonsViewController.m"; sourceTree = "<group>"; };
		44728C281B0F8BED009D4136 /* ButtonsView.xib */ = {isa = PBXFileReference; fileEncoding = 4; lastKnownFileType = file.xib; name = ButtonsView.xib; path = "View Controllers/ButtonsView.xib"; sourceTree = "<group>"; };
		44728C2C1B0F9050009D4136 /* UIColor+Extra.h */ = {isa = PBXFileReference; fileEncoding = 4; lastKnownFileType = sourcecode.c.h; name = "UIColor+Extra.h"; path = "Categories/UIColor+Extra.h"; sourceTree = "<group>"; };
		44728C2D1B0F9050009D4136 /* UIColor+Extra.m */ = {isa = PBXFileReference; fileEncoding = 4; lastKnownFileType = sourcecode.c.objc; name = "UIColor+Extra.m"; path = "Categories/UIColor+Extra.m"; sourceTree = "<group>"; };
		44728C2F1B0F916E009D4136 /* Global.h */ = {isa = PBXFileReference; fileEncoding = 4; lastKnownFileType = sourcecode.c.h; path = Global.h; sourceTree = "<group>"; };
		44728C301B0F916E009D4136 /* Global.m */ = {isa = PBXFileReference; fileEncoding = 4; lastKnownFileType = sourcecode.c.objc; path = Global.m; sourceTree = "<group>"; };
		4476F84B1B06790200E62CC8 /* EPButton.h */ = {isa = PBXFileReference; fileEncoding = 4; lastKnownFileType = sourcecode.c.h; path = EPButton.h; sourceTree = "<group>"; };
		4476F84C1B06790200E62CC8 /* EPButton.m */ = {isa = PBXFileReference; fileEncoding = 4; lastKnownFileType = sourcecode.c.objc; path = EPButton.m; sourceTree = "<group>"; };
		44D279031AC01B4400F0D46F /* EPMaterialKit.app */ = {isa = PBXFileReference; explicitFileType = wrapper.application; includeInIndex = 0; path = EPMaterialKit.app; sourceTree = BUILT_PRODUCTS_DIR; };
		44D279071AC01B4400F0D46F /* Info.plist */ = {isa = PBXFileReference; lastKnownFileType = text.plist.xml; path = Info.plist; sourceTree = "<group>"; };
		44D279081AC01B4400F0D46F /* main.m */ = {isa = PBXFileReference; lastKnownFileType = sourcecode.c.objc; path = main.m; sourceTree = "<group>"; };
		44D2790A1AC01B4400F0D46F /* AppDelegate.h */ = {isa = PBXFileReference; lastKnownFileType = sourcecode.c.h; path = AppDelegate.h; sourceTree = "<group>"; };
		44D2790B1AC01B4400F0D46F /* AppDelegate.m */ = {isa = PBXFileReference; lastKnownFileType = sourcecode.c.objc; path = AppDelegate.m; sourceTree = "<group>"; };
		44D2790D1AC01B4400F0D46F /* MainViewController.h */ = {isa = PBXFileReference; lastKnownFileType = sourcecode.c.h; path = MainViewController.h; sourceTree = "<group>"; };
		44D2790E1AC01B4400F0D46F /* MainViewController.m */ = {isa = PBXFileReference; lastKnownFileType = sourcecode.c.objc; path = MainViewController.m; sourceTree = "<group>"; };
		44D279131AC01B4400F0D46F /* Images.xcassets */ = {isa = PBXFileReference; lastKnownFileType = folder.assetcatalog; path = Images.xcassets; sourceTree = "<group>"; };
		44D2791C1AC01B4400F0D46F /* EPMaterialKitTests.xctest */ = {isa = PBXFileReference; explicitFileType = wrapper.cfbundle; includeInIndex = 0; path = EPMaterialKitTests.xctest; sourceTree = BUILT_PRODUCTS_DIR; };
		44D279211AC01B4400F0D46F /* Info.plist */ = {isa = PBXFileReference; lastKnownFileType = text.plist.xml; path = Info.plist; sourceTree = "<group>"; };
		44D279221AC01B4400F0D46F /* EPMaterialKitTests.m */ = {isa = PBXFileReference; lastKnownFileType = sourcecode.c.objc; path = EPMaterialKitTests.m; sourceTree = "<group>"; };
		44D2792C1AC021DC00F0D46F /* MainView.xib */ = {isa = PBXFileReference; fileEncoding = 4; lastKnownFileType = file.xib; path = MainView.xib; sourceTree = "<group>"; };
		44D2792E1AC0266900F0D46F /* Default-568h@2x.png */ = {isa = PBXFileReference; lastKnownFileType = image.png; path = "Default-568h@2x.png"; sourceTree = "<group>"; };
/* End PBXFileReference section */

/* Begin PBXFrameworksBuildPhase section */
		44D279001AC01B4400F0D46F /* Frameworks */ = {
			isa = PBXFrameworksBuildPhase;
			buildActionMask = 2147483647;
			files = (
			);
			runOnlyForDeploymentPostprocessing = 0;
		};
		44D279191AC01B4400F0D46F /* Frameworks */ = {
			isa = PBXFrameworksBuildPhase;
			buildActionMask = 2147483647;
			files = (
			);
			runOnlyForDeploymentPostprocessing = 0;
		};
/* End PBXFrameworksBuildPhase section */

/* Begin PBXGroup section */
		44728C201B0F8B43009D4136 /* Resources */ = {
			isa = PBXGroup;
			children = (
				44728C211B0F8B43009D4136 /* icon1.png */,
				44728C221B0F8B43009D4136 /* icon2.png */,
			);
			path = Resources;
			sourceTree = "<group>";
		};
		44728C251B0F8B94009D4136 /* View Controllers */ = {
			isa = PBXGroup;
			children = (
				44728C261B0F8BED009D4136 /* ButtonsViewController.h */,
				44728C271B0F8BED009D4136 /* ButtonsViewController.m */,
				44728C281B0F8BED009D4136 /* ButtonsView.xib */,
			);
			name = "View Controllers";
			sourceTree = "<group>";
		};
		44728C2B1B0F8FED009D4136 /* Categories */ = {
			isa = PBXGroup;
			children = (
				44728C2C1B0F9050009D4136 /* UIColor+Extra.h */,
				44728C2D1B0F9050009D4136 /* UIColor+Extra.m */,
			);
			name = Categories;
			sourceTree = "<group>";
		};
		44728C321B0F9406009D4136 /* Source */ = {
			isa = PBXGroup;
			children = (
			);
			name = Source;
			sourceTree = "<group>";
		};
		44D278FA1AC01B4400F0D46F = {
			isa = PBXGroup;
			children = (
				44D279051AC01B4400F0D46F /* EPMaterialKit */,
				44D2791F1AC01B4400F0D46F /* EPMaterialKitTests */,
				44D279041AC01B4400F0D46F /* Products */,
			);
			sourceTree = "<group>";
		};
		44D279041AC01B4400F0D46F /* Products */ = {
			isa = PBXGroup;
			children = (
				44D279031AC01B4400F0D46F /* EPMaterialKit.app */,
				44D2791C1AC01B4400F0D46F /* EPMaterialKitTests.xctest */,
			);
			name = Products;
			sourceTree = "<group>";
		};
		44D279051AC01B4400F0D46F /* EPMaterialKit */ = {
			isa = PBXGroup;
			children = (
				44728C2B1B0F8FED009D4136 /* Categories */,
				44728C251B0F8B94009D4136 /* View Controllers */,
				44728C321B0F9406009D4136 /* Source */,
				446A4F681AF16F6C00A1ED3A /* EPLayer.h */,
				446A4F691AF16F6C00A1ED3A /* EPLayer.m */,
				4476F84B1B06790200E62CC8 /* EPButton.h */,
				4476F84C1B06790200E62CC8 /* EPButton.m */,
				44D2790A1AC01B4400F0D46F /* AppDelegate.h */,
				44D2790B1AC01B4400F0D46F /* AppDelegate.m */,
				44D2790D1AC01B4400F0D46F /* MainViewController.h */,
				44D2790E1AC01B4400F0D46F /* MainViewController.m */,
				44D2792C1AC021DC00F0D46F /* MainView.xib */,
				44728C2F1B0F916E009D4136 /* Global.h */,
				44728C301B0F916E009D4136 /* Global.m */,
				44D279131AC01B4400F0D46F /* Images.xcassets */,
				44728C201B0F8B43009D4136 /* Resources */,
				44D279061AC01B4400F0D46F /* Supporting Files */,
			);
			path = EPMaterialKit;
			sourceTree = "<group>";
		};
		44D279061AC01B4400F0D46F /* Supporting Files */ = {
			isa = PBXGroup;
			children = (
				44D2792E1AC0266900F0D46F /* Default-568h@2x.png */,
				44D279071AC01B4400F0D46F /* Info.plist */,
				44D279081AC01B4400F0D46F /* main.m */,
			);
			name = "Supporting Files";
			sourceTree = "<group>";
		};
		44D2791F1AC01B4400F0D46F /* EPMaterialKitTests */ = {
			isa = PBXGroup;
			children = (
				44D279221AC01B4400F0D46F /* EPMaterialKitTests.m */,
				44D279201AC01B4400F0D46F /* Supporting Files */,
			);
			path = EPMaterialKitTests;
			sourceTree = "<group>";
		};
		44D279201AC01B4400F0D46F /* Supporting Files */ = {
			isa = PBXGroup;
			children = (
				44D279211AC01B4400F0D46F /* Info.plist */,
			);
			name = "Supporting Files";
			sourceTree = "<group>";
		};
/* End PBXGroup section */

/* Begin PBXNativeTarget section */
		44D279021AC01B4400F0D46F /* EPMaterialKit */ = {
			isa = PBXNativeTarget;
			buildConfigurationList = 44D279261AC01B4400F0D46F /* Build configuration list for PBXNativeTarget "EPMaterialKit" */;
			buildPhases = (
				44D278FF1AC01B4400F0D46F /* Sources */,
				44D279001AC01B4400F0D46F /* Frameworks */,
				44D279011AC01B4400F0D46F /* Resources */,
			);
			buildRules = (
			);
			dependencies = (
			);
			name = EPMaterialKit;
			productName = EPMaterialKit;
			productReference = 44D279031AC01B4400F0D46F /* EPMaterialKit.app */;
			productType = "com.apple.product-type.application";
		};
		44D2791B1AC01B4400F0D46F /* EPMaterialKitTests */ = {
			isa = PBXNativeTarget;
			buildConfigurationList = 44D279291AC01B4400F0D46F /* Build configuration list for PBXNativeTarget "EPMaterialKitTests" */;
			buildPhases = (
				44D279181AC01B4400F0D46F /* Sources */,
				44D279191AC01B4400F0D46F /* Frameworks */,
				44D2791A1AC01B4400F0D46F /* Resources */,
			);
			buildRules = (
			);
			dependencies = (
				44D2791E1AC01B4400F0D46F /* PBXTargetDependency */,
			);
			name = EPMaterialKitTests;
			productName = EPMaterialKitTests;
			productReference = 44D2791C1AC01B4400F0D46F /* EPMaterialKitTests.xctest */;
			productType = "com.apple.product-type.bundle.unit-test";
		};
/* End PBXNativeTarget section */

/* Begin PBXProject section */
		44D278FB1AC01B4400F0D46F /* Project object */ = {
			isa = PBXProject;
			attributes = {
				LastUpgradeCheck = 0620;
				ORGANIZATIONNAME = ua.net.pankratov;
				TargetAttributes = {
					44D279021AC01B4400F0D46F = {
						CreatedOnToolsVersion = 6.2;
						DevelopmentTeam = MF65X7VRCE;
					};
					44D2791B1AC01B4400F0D46F = {
						CreatedOnToolsVersion = 6.2;
						TestTargetID = 44D279021AC01B4400F0D46F;
					};
				};
			};
			buildConfigurationList = 44D278FE1AC01B4400F0D46F /* Build configuration list for PBXProject "EPMaterialKit" */;
			compatibilityVersion = "Xcode 3.2";
			developmentRegion = English;
			hasScannedForEncodings = 0;
			knownRegions = (
				en,
				Base,
			);
			mainGroup = 44D278FA1AC01B4400F0D46F;
			productRefGroup = 44D279041AC01B4400F0D46F /* Products */;
			projectDirPath = "";
			projectRoot = "";
			targets = (
				44D279021AC01B4400F0D46F /* EPMaterialKit */,
				44D2791B1AC01B4400F0D46F /* EPMaterialKitTests */,
			);
		};
/* End PBXProject section */

/* Begin PBXResourcesBuildPhase section */
		44D279011AC01B4400F0D46F /* Resources */ = {
			isa = PBXResourcesBuildPhase;
			buildActionMask = 2147483647;
			files = (
				44D279141AC01B4400F0D46F /* Images.xcassets in Resources */,
				44728C241B0F8B43009D4136 /* icon2.png in Resources */,
				44D2792D1AC021DC00F0D46F /* MainView.xib in Resources */,
				44728C231B0F8B43009D4136 /* icon1.png in Resources */,
				44728C2A1B0F8BED009D4136 /* ButtonsView.xib in Resources */,
				44D2792F1AC0266900F0D46F /* Default-568h@2x.png in Resources */,
			);
			runOnlyForDeploymentPostprocessing = 0;
		};
		44D2791A1AC01B4400F0D46F /* Resources */ = {
			isa = PBXResourcesBuildPhase;
			buildActionMask = 2147483647;
			files = (
			);
			runOnlyForDeploymentPostprocessing = 0;
		};
/* End PBXResourcesBuildPhase section */

/* Begin PBXSourcesBuildPhase section */
		44D278FF1AC01B4400F0D46F /* Sources */ = {
			isa = PBXSourcesBuildPhase;
			buildActionMask = 2147483647;
			files = (
				44728C291B0F8BED009D4136 /* ButtonsViewController.m in Sources */,
				44728C2E1B0F9050009D4136 /* UIColor+Extra.m in Sources */,
				44D2790F1AC01B4400F0D46F /* MainViewController.m in Sources */,
				44D2790C1AC01B4400F0D46F /* AppDelegate.m in Sources */,
				44728C311B0F916E009D4136 /* Global.m in Sources */,
				4476F84D1B06790200E62CC8 /* EPButton.m in Sources */,
				446A4F6A1AF16F6C00A1ED3A /* EPLayer.m in Sources */,
				44D279091AC01B4400F0D46F /* main.m in Sources */,
			);
			runOnlyForDeploymentPostprocessing = 0;
		};
		44D279181AC01B4400F0D46F /* Sources */ = {
			isa = PBXSourcesBuildPhase;
			buildActionMask = 2147483647;
			files = (
				44D279231AC01B4400F0D46F /* EPMaterialKitTests.m in Sources */,
			);
			runOnlyForDeploymentPostprocessing = 0;
		};
/* End PBXSourcesBuildPhase section */

/* Begin PBXTargetDependency section */
		44D2791E1AC01B4400F0D46F /* PBXTargetDependency */ = {
			isa = PBXTargetDependency;
			target = 44D279021AC01B4400F0D46F /* EPMaterialKit */;
			targetProxy = 44D2791D1AC01B4400F0D46F /* PBXContainerItemProxy */;
		};
/* End PBXTargetDependency section */

/* Begin XCBuildConfiguration section */
		44D279241AC01B4400F0D46F /* Debug */ = {
			isa = XCBuildConfiguration;
			buildSettings = {
				ALWAYS_SEARCH_USER_PATHS = NO;
				CLANG_CXX_LANGUAGE_STANDARD = "gnu++0x";
				CLANG_CXX_LIBRARY = "libc++";
				CLANG_ENABLE_MODULES = YES;
				CLANG_ENABLE_OBJC_ARC = YES;
				CLANG_WARN_BOOL_CONVERSION = YES;
				CLANG_WARN_CONSTANT_CONVERSION = YES;
				CLANG_WARN_DIRECT_OBJC_ISA_USAGE = YES_ERROR;
				CLANG_WARN_EMPTY_BODY = YES;
				CLANG_WARN_ENUM_CONVERSION = YES;
				CLANG_WARN_INT_CONVERSION = YES;
				CLANG_WARN_OBJC_ROOT_CLASS = YES_ERROR;
				CLANG_WARN_UNREACHABLE_CODE = YES;
				CLANG_WARN__DUPLICATE_METHOD_MATCH = YES;
				"CODE_SIGN_IDENTITY[sdk=iphoneos*]" = "iPhone Developer";
				COPY_PHASE_STRIP = NO;
				ENABLE_STRICT_OBJC_MSGSEND = YES;
				GCC_C_LANGUAGE_STANDARD = gnu99;
				GCC_DYNAMIC_NO_PIC = NO;
				GCC_OPTIMIZATION_LEVEL = 0;
				GCC_PREPROCESSOR_DEFINITIONS = (
					"DEBUG=1",
					"$(inherited)",
				);
				GCC_SYMBOLS_PRIVATE_EXTERN = NO;
				GCC_WARN_64_TO_32_BIT_CONVERSION = YES;
				GCC_WARN_ABOUT_RETURN_TYPE = YES_ERROR;
				GCC_WARN_UNDECLARED_SELECTOR = YES;
				GCC_WARN_UNINITIALIZED_AUTOS = YES_AGGRESSIVE;
				GCC_WARN_UNUSED_FUNCTION = YES;
				GCC_WARN_UNUSED_VARIABLE = YES;
				IPHONEOS_DEPLOYMENT_TARGET = 8.2;
				MTL_ENABLE_DEBUG_INFO = YES;
				ONLY_ACTIVE_ARCH = YES;
				SDKROOT = iphoneos;
				TARGETED_DEVICE_FAMILY = "1,2";
			};
			name = Debug;
		};
		44D279251AC01B4400F0D46F /* Release */ = {
			isa = XCBuildConfiguration;
			buildSettings = {
				ALWAYS_SEARCH_USER_PATHS = NO;
				CLANG_CXX_LANGUAGE_STANDARD = "gnu++0x";
				CLANG_CXX_LIBRARY = "libc++";
				CLANG_ENABLE_MODULES = YES;
				CLANG_ENABLE_OBJC_ARC = YES;
				CLANG_WARN_BOOL_CONVERSION = YES;
				CLANG_WARN_CONSTANT_CONVERSION = YES;
				CLANG_WARN_DIRECT_OBJC_ISA_USAGE = YES_ERROR;
				CLANG_WARN_EMPTY_BODY = YES;
				CLANG_WARN_ENUM_CONVERSION = YES;
				CLANG_WARN_INT_CONVERSION = YES;
				CLANG_WARN_OBJC_ROOT_CLASS = YES_ERROR;
				CLANG_WARN_UNREACHABLE_CODE = YES;
				CLANG_WARN__DUPLICATE_METHOD_MATCH = YES;
				"CODE_SIGN_IDENTITY[sdk=iphoneos*]" = "iPhone Developer";
				COPY_PHASE_STRIP = NO;
				ENABLE_NS_ASSERTIONS = NO;
				ENABLE_STRICT_OBJC_MSGSEND = YES;
				GCC_C_LANGUAGE_STANDARD = gnu99;
				GCC_WARN_64_TO_32_BIT_CONVERSION = YES;
				GCC_WARN_ABOUT_RETURN_TYPE = YES_ERROR;
				GCC_WARN_UNDECLARED_SELECTOR = YES;
				GCC_WARN_UNINITIALIZED_AUTOS = YES_AGGRESSIVE;
				GCC_WARN_UNUSED_FUNCTION = YES;
				GCC_WARN_UNUSED_VARIABLE = YES;
				IPHONEOS_DEPLOYMENT_TARGET = 8.2;
				MTL_ENABLE_DEBUG_INFO = NO;
				SDKROOT = iphoneos;
				TARGETED_DEVICE_FAMILY = "1,2";
				VALIDATE_PRODUCT = YES;
			};
			name = Release;
		};
		44D279271AC01B4400F0D46F /* Debug */ = {
			isa = XCBuildConfiguration;
			buildSettings = {
				ASSETCATALOG_COMPILER_APPICON_NAME = AppIcon;
				CLANG_ENABLE_OBJC_ARC = NO;
				CODE_SIGN_IDENTITY = "iPhone Developer";
				INFOPLIST_FILE = EPMaterialKit/Info.plist;
				IPHONEOS_DEPLOYMENT_TARGET = 6.1;
				LD_RUNPATH_SEARCH_PATHS = "$(inherited) @executable_path/Frameworks";
				PRODUCT_NAME = "$(TARGET_NAME)";
			};
			name = Debug;
		};
		44D279281AC01B4400F0D46F /* Release */ = {
			isa = XCBuildConfiguration;
			buildSettings = {
				ASSETCATALOG_COMPILER_APPICON_NAME = AppIcon;
				CLANG_ENABLE_OBJC_ARC = NO;
				CODE_SIGN_IDENTITY = "iPhone Developer";
				INFOPLIST_FILE = EPMaterialKit/Info.plist;
				IPHONEOS_DEPLOYMENT_TARGET = 6.1;
				LD_RUNPATH_SEARCH_PATHS = "$(inherited) @executable_path/Frameworks";
				PRODUCT_NAME = "$(TARGET_NAME)";
			};
			name = Release;
		};
		44D2792A1AC01B4400F0D46F /* Debug */ = {
			isa = XCBuildConfiguration;
			buildSettings = {
				BUNDLE_LOADER = "$(TEST_HOST)";
				FRAMEWORK_SEARCH_PATHS = (
					"$(SDKROOT)/Developer/Library/Frameworks",
					"$(inherited)",
				);
				GCC_PREPROCESSOR_DEFINITIONS = (
					"DEBUG=1",
					"$(inherited)",
				);
				INFOPLIST_FILE = EPMaterialKitTests/Info.plist;
				LD_RUNPATH_SEARCH_PATHS = "$(inherited) @executable_path/Frameworks @loader_path/Frameworks";
				PRODUCT_NAME = "$(TARGET_NAME)";
				TEST_HOST = "$(BUILT_PRODUCTS_DIR)/EPMaterialKit.app/EPMaterialKit";
			};
			name = Debug;
		};
		44D2792B1AC01B4400F0D46F /* Release */ = {
			isa = XCBuildConfiguration;
			buildSettings = {
				BUNDLE_LOADER = "$(TEST_HOST)";
				FRAMEWORK_SEARCH_PATHS = (
					"$(SDKROOT)/Developer/Library/Frameworks",
					"$(inherited)",
				);
				INFOPLIST_FILE = EPMaterialKitTests/Info.plist;
				LD_RUNPATH_SEARCH_PATHS = "$(inherited) @executable_path/Frameworks @loader_path/Frameworks";
				PRODUCT_NAME = "$(TARGET_NAME)";
				TEST_HOST = "$(BUILT_PRODUCTS_DIR)/EPMaterialKit.app/EPMaterialKit";
			};
			name = Release;
		};
/* End XCBuildConfiguration section */

/* Begin XCConfigurationList section */
		44D278FE1AC01B4400F0D46F /* Build configuration list for PBXProject "EPMaterialKit" */ = {
			isa = XCConfigurationList;
			buildConfigurations = (
				44D279241AC01B4400F0D46F /* Debug */,
				44D279251AC01B4400F0D46F /* Release */,
			);
			defaultConfigurationIsVisible = 0;
			defaultConfigurationName = Release;
		};
		44D279261AC01B4400F0D46F /* Build configuration list for PBXNativeTarget "EPMaterialKit" */ = {
			isa = XCConfigurationList;
			buildConfigurations = (
				44D279271AC01B4400F0D46F /* Debug */,
				44D279281AC01B4400F0D46F /* Release */,
			);
			defaultConfigurationIsVisible = 0;
			defaultConfigurationName = Release;
		};
		44D279291AC01B4400F0D46F /* Build configuration list for PBXNativeTarget "EPMaterialKitTests" */ = {
			isa = XCConfigurationList;
			buildConfigurations = (
				44D2792A1AC01B4400F0D46F /* Debug */,
				44D2792B1AC01B4400F0D46F /* Release */,
			);
			defaultConfigurationIsVisible = 0;
			defaultConfigurationName = Release;
		};
/* End XCConfigurationList section */
	};
	rootObject = 44D278FB1AC01B4400F0D46F /* Project object */;
}
