// !$*UTF8*$!
{
	archiveVersion = 1;
	classes = {
	};
	objectVersion = 46;
	objects = {

/* Begin PBXBuildFile section */
		440A457C1B22007E00CB9EF7 /* EPLabel.m in Sources */ = {isa = PBXBuildFile; fileRef = 440A457B1B22007E00CB9EF7 /* EPLabel.m */; };
		440A45801B22013800CB9EF7 /* TextFieldViewController.m in Sources */ = {isa = PBXBuildFile; fileRef = 440A457E1B22013800CB9EF7 /* TextFieldViewController.m */; };
		440A45811B22013800CB9EF7 /* TextFieldView.xib in Resources */ = {isa = PBXBuildFile; fileRef = 440A457F1B22013800CB9EF7 /* TextFieldView.xib */; };
		440A45841B2201BA00CB9EF7 /* EPTextField.m in Sources */ = {isa = PBXBuildFile; fileRef = 440A45831B2201BA00CB9EF7 /* EPTextField.m */; };
		440A45881B2202DF00CB9EF7 /* BarButtonViewController.m in Sources */ = {isa = PBXBuildFile; fileRef = 440A45861B2202DF00CB9EF7 /* BarButtonViewController.m */; };
		440A45891B2202DF00CB9EF7 /* BarButtonView.xib in Resources */ = {isa = PBXBuildFile; fileRef = 440A45871B2202DF00CB9EF7 /* BarButtonView.xib */; };
		440A458C1B22044200CB9EF7 /* uibaritem_icon.png in Resources */ = {isa = PBXBuildFile; fileRef = 440A458A1B22044200CB9EF7 /* uibaritem_icon.png */; };
		440A458D1B22044200CB9EF7 /* wall-e.png in Resources */ = {isa = PBXBuildFile; fileRef = 440A458B1B22044200CB9EF7 /* wall-e.png */; };
		440A45901B2204A400CB9EF7 /* EPImageView.m in Sources */ = {isa = PBXBuildFile; fileRef = 440A458F1B2204A400CB9EF7 /* EPImageView.m */; };
		44241AD31B18C4E7006B757F /* TableCellViewController.m in Sources */ = {isa = PBXBuildFile; fileRef = 44241AD11B18C4E7006B757F /* TableCellViewController.m */; };
		44241AD41B18C4E7006B757F /* TableCellView.xib in Resources */ = {isa = PBXBuildFile; fileRef = 44241AD21B18C4E7006B757F /* TableCellView.xib */; };
		44241AD71B18C946006B757F /* MyTableCell.m in Sources */ = {isa = PBXBuildFile; fileRef = 44241AD61B18C946006B757F /* MyTableCell.m */; };
		44241ADA1B18CA76006B757F /* EPTableViewCell.m in Sources */ = {isa = PBXBuildFile; fileRef = 44241AD91B18CA76006B757F /* EPTableViewCell.m */; };
		44241ADF1B18D6DB006B757F /* MyTableCell.xib in Resources */ = {isa = PBXBuildFile; fileRef = 44241ADD1B18D6DB006B757F /* MyTableCell.xib */; };
		44728C231B0F8B43009D4136 /* icon1.png in Resources */ = {isa = PBXBuildFile; fileRef = 44728C211B0F8B43009D4136 /* icon1.png */; };
		44728C241B0F8B43009D4136 /* icon2.png in Resources */ = {isa = PBXBuildFile; fileRef = 44728C221B0F8B43009D4136 /* icon2.png */; };
		44728C291B0F8BED009D4136 /* ButtonsViewController.m in Sources */ = {isa = PBXBuildFile; fileRef = 44728C271B0F8BED009D4136 /* ButtonsViewController.m */; };
		44728C2A1B0F8BED009D4136 /* ButtonsView.xib in Resources */ = {isa = PBXBuildFile; fileRef = 44728C281B0F8BED009D4136 /* ButtonsView.xib */; };
		44728C2E1B0F9050009D4136 /* UIColor+Extra.m in Sources */ = {isa = PBXBuildFile; fileRef = 44728C2D1B0F9050009D4136 /* UIColor+Extra.m */; };
		44728C311B0F916E009D4136 /* Global.m in Sources */ = {isa = PBXBuildFile; fileRef = 44728C301B0F916E009D4136 /* Global.m */; };
		44728C371B0F9672009D4136 /* EPButton.m in Sources */ = {isa = PBXBuildFile; fileRef = 44728C341B0F9672009D4136 /* EPButton.m */; };
		44728C381B0F9672009D4136 /* EPLayer.m in Sources */ = {isa = PBXBuildFile; fileRef = 44728C361B0F9672009D4136 /* EPLayer.m */; };
		44728C3C1B0F968E009D4136 /* MainView.xib in Resources */ = {isa = PBXBuildFile; fileRef = 44728C391B0F968E009D4136 /* MainView.xib */; };
		44728C3D1B0F968E009D4136 /* MainViewController.m in Sources */ = {isa = PBXBuildFile; fileRef = 44728C3B1B0F968E009D4136 /* MainViewController.m */; };
		44D279091AC01B4400F0D46F /* main.m in Sources */ = {isa = PBXBuildFile; fileRef = 44D279081AC01B4400F0D46F /* main.m */; };
		44D2790C1AC01B4400F0D46F /* AppDelegate.m in Sources */ = {isa = PBXBuildFile; fileRef = 44D2790B1AC01B4400F0D46F /* AppDelegate.m */; };
		44D279141AC01B4400F0D46F /* Images.xcassets in Resources */ = {isa = PBXBuildFile; fileRef = 44D279131AC01B4400F0D46F /* Images.xcassets */; };
		44D2792F1AC0266900F0D46F /* Default-568h@2x.png in Resources */ = {isa = PBXBuildFile; fileRef = 44D2792E1AC0266900F0D46F /* Default-568h@2x.png */; };
/* End PBXBuildFile section */

/* Begin PBXFileReference section */
		440A457A1B22007E00CB9EF7 /* EPLabel.h */ = {isa = PBXFileReference; fileEncoding = 4; lastKnownFileType = sourcecode.c.h; name = EPLabel.h; path = Source/EPLabel.h; sourceTree = "<group>"; };
		440A457B1B22007E00CB9EF7 /* EPLabel.m */ = {isa = PBXFileReference; fileEncoding = 4; lastKnownFileType = sourcecode.c.objc; name = EPLabel.m; path = Source/EPLabel.m; sourceTree = "<group>"; };
		440A457D1B22013800CB9EF7 /* TextFieldViewController.h */ = {isa = PBXFileReference; fileEncoding = 4; lastKnownFileType = sourcecode.c.h; name = TextFieldViewController.h; path = "View Controllers/TextFieldViewController.h"; sourceTree = "<group>"; };
		440A457E1B22013800CB9EF7 /* TextFieldViewController.m */ = {isa = PBXFileReference; fileEncoding = 4; lastKnownFileType = sourcecode.c.objc; name = TextFieldViewController.m; path = "View Controllers/TextFieldViewController.m"; sourceTree = "<group>"; };
		440A457F1B22013800CB9EF7 /* TextFieldView.xib */ = {isa = PBXFileReference; fileEncoding = 4; lastKnownFileType = file.xib; name = TextFieldView.xib; path = "View Controllers/TextFieldView.xib"; sourceTree = "<group>"; };
		440A45821B2201BA00CB9EF7 /* EPTextField.h */ = {isa = PBXFileReference; fileEncoding = 4; lastKnownFileType = sourcecode.c.h; name = EPTextField.h; path = Source/EPTextField.h; sourceTree = "<group>"; };
		440A45831B2201BA00CB9EF7 /* EPTextField.m */ = {isa = PBXFileReference; fileEncoding = 4; lastKnownFileType = sourcecode.c.objc; name = EPTextField.m; path = Source/EPTextField.m; sourceTree = "<group>"; };
		440A45851B2202DF00CB9EF7 /* BarButtonViewController.h */ = {isa = PBXFileReference; fileEncoding = 4; lastKnownFileType = sourcecode.c.h; name = BarButtonViewController.h; path = "View Controllers/BarButtonViewController.h"; sourceTree = "<group>"; };
		440A45861B2202DF00CB9EF7 /* BarButtonViewController.m */ = {isa = PBXFileReference; fileEncoding = 4; lastKnownFileType = sourcecode.c.objc; name = BarButtonViewController.m; path = "View Controllers/BarButtonViewController.m"; sourceTree = "<group>"; };
		440A45871B2202DF00CB9EF7 /* BarButtonView.xib */ = {isa = PBXFileReference; fileEncoding = 4; lastKnownFileType = file.xib; name = BarButtonView.xib; path = "View Controllers/BarButtonView.xib"; sourceTree = "<group>"; };
		440A458A1B22044200CB9EF7 /* uibaritem_icon.png */ = {isa = PBXFileReference; lastKnownFileType = image.png; path = uibaritem_icon.png; sourceTree = "<group>"; };
		440A458B1B22044200CB9EF7 /* wall-e.png */ = {isa = PBXFileReference; lastKnownFileType = image.png; path = "wall-e.png"; sourceTree = "<group>"; };
		440A458E1B2204A400CB9EF7 /* EPImageView.h */ = {isa = PBXFileReference; fileEncoding = 4; lastKnownFileType = sourcecode.c.h; name = EPImageView.h; path = Source/EPImageView.h; sourceTree = "<group>"; };
		440A458F1B2204A400CB9EF7 /* EPImageView.m */ = {isa = PBXFileReference; fileEncoding = 4; lastKnownFileType = sourcecode.c.objc; name = EPImageView.m; path = Source/EPImageView.m; sourceTree = "<group>"; };
		44241AD01B18C4E7006B757F /* TableCellViewController.h */ = {isa = PBXFileReference; fileEncoding = 4; lastKnownFileType = sourcecode.c.h; name = TableCellViewController.h; path = "View Controllers/TableCellViewController.h"; sourceTree = "<group>"; };
		44241AD11B18C4E7006B757F /* TableCellViewController.m */ = {isa = PBXFileReference; fileEncoding = 4; lastKnownFileType = sourcecode.c.objc; name = TableCellViewController.m; path = "View Controllers/TableCellViewController.m"; sourceTree = "<group>"; };
		44241AD21B18C4E7006B757F /* TableCellView.xib */ = {isa = PBXFileReference; fileEncoding = 4; lastKnownFileType = file.xib; name = TableCellView.xib; path = "View Controllers/TableCellView.xib"; sourceTree = "<group>"; };
		44241AD51B18C946006B757F /* MyTableCell.h */ = {isa = PBXFileReference; fileEncoding = 4; lastKnownFileType = sourcecode.c.h; name = MyTableCell.h; path = "View Controllers/MyTableCell.h"; sourceTree = "<group>"; };
		44241AD61B18C946006B757F /* MyTableCell.m */ = {isa = PBXFileReference; fileEncoding = 4; lastKnownFileType = sourcecode.c.objc; name = MyTableCell.m; path = "View Controllers/MyTableCell.m"; sourceTree = "<group>"; };
		44241AD81B18CA76006B757F /* EPTableViewCell.h */ = {isa = PBXFileReference; fileEncoding = 4; lastKnownFileType = sourcecode.c.h; name = EPTableViewCell.h; path = Source/EPTableViewCell.h; sourceTree = "<group>"; };
		44241AD91B18CA76006B757F /* EPTableViewCell.m */ = {isa = PBXFileReference; fileEncoding = 4; lastKnownFileType = sourcecode.c.objc; name = EPTableViewCell.m; path = Source/EPTableViewCell.m; sourceTree = "<group>"; };
		44241ADD1B18D6DB006B757F /* MyTableCell.xib */ = {isa = PBXFileReference; fileEncoding = 4; lastKnownFileType = file.xib; name = MyTableCell.xib; path = "View Controllers/MyTableCell.xib"; sourceTree = "<group>"; };
		44728C211B0F8B43009D4136 /* icon1.png */ = {isa = PBXFileReference; lastKnownFileType = image.png; path = icon1.png; sourceTree = "<group>"; };
		44728C221B0F8B43009D4136 /* icon2.png */ = {isa = PBXFileReference; lastKnownFileType = image.png; path = icon2.png; sourceTree = "<group>"; };
		44728C261B0F8BED009D4136 /* ButtonsViewController.h */ = {isa = PBXFileReference; fileEncoding = 4; lastKnownFileType = sourcecode.c.h; name = ButtonsViewController.h; path = "View Controllers/ButtonsViewController.h"; sourceTree = "<group>"; };
		44728C271B0F8BED009D4136 /* ButtonsViewController.m */ = {isa = PBXFileReference; fileEncoding = 4; lastKnownFileType = sourcecode.c.objc; name = ButtonsViewController.m; path = "View Controllers/ButtonsViewController.m"; sourceTree = "<group>"; };
		44728C281B0F8BED009D4136 /* ButtonsView.xib */ = {isa = PBXFileReference; fileEncoding = 4; lastKnownFileType = file.xib; name = ButtonsView.xib; path = "View Controllers/ButtonsView.xib"; sourceTree = "<group>"; };
		44728C2C1B0F9050009D4136 /* UIColor+Extra.h */ = {isa = PBXFileReference; fileEncoding = 4; lastKnownFileType = sourcecode.c.h; name = "UIColor+Extra.h"; path = "Categories/UIColor+Extra.h"; sourceTree = "<group>"; };
		44728C2D1B0F9050009D4136 /* UIColor+Extra.m */ = {isa = PBXFileReference; fileEncoding = 4; lastKnownFileType = sourcecode.c.objc; name = "UIColor+Extra.m"; path = "Categories/UIColor+Extra.m"; sourceTree = "<group>"; };
		44728C2F1B0F916E009D4136 /* Global.h */ = {isa = PBXFileReference; fileEncoding = 4; lastKnownFileType = sourcecode.c.h; path = Global.h; sourceTree = "<group>"; };
		44728C301B0F916E009D4136 /* Global.m */ = {isa = PBXFileReference; fileEncoding = 4; lastKnownFileType = sourcecode.c.objc; path = Global.m; sourceTree = "<group>"; };
		44728C331B0F9672009D4136 /* EPButton.h */ = {isa = PBXFileReference; fileEncoding = 4; lastKnownFileType = sourcecode.c.h; name = EPButton.h; path = Source/EPButton.h; sourceTree = "<group>"; };
		44728C341B0F9672009D4136 /* EPButton.m */ = {isa = PBXFileReference; fileEncoding = 4; lastKnownFileType = sourcecode.c.objc; name = EPButton.m; path = Source/EPButton.m; sourceTree = "<group>"; };
		44728C351B0F9672009D4136 /* EPLayer.h */ = {isa = PBXFileReference; fileEncoding = 4; lastKnownFileType = sourcecode.c.h; name = EPLayer.h; path = Source/EPLayer.h; sourceTree = "<group>"; };
		44728C361B0F9672009D4136 /* EPLayer.m */ = {isa = PBXFileReference; fileEncoding = 4; lastKnownFileType = sourcecode.c.objc; name = EPLayer.m; path = Source/EPLayer.m; sourceTree = "<group>"; };
		44728C391B0F968E009D4136 /* MainView.xib */ = {isa = PBXFileReference; fileEncoding = 4; lastKnownFileType = file.xib; name = MainView.xib; path = "View Controllers/MainView.xib"; sourceTree = "<group>"; };
		44728C3A1B0F968E009D4136 /* MainViewController.h */ = {isa = PBXFileReference; fileEncoding = 4; lastKnownFileType = sourcecode.c.h; name = MainViewController.h; path = "View Controllers/MainViewController.h"; sourceTree = "<group>"; };
		44728C3B1B0F968E009D4136 /* MainViewController.m */ = {isa = PBXFileReference; fileEncoding = 4; lastKnownFileType = sourcecode.c.objc; name = MainViewController.m; path = "View Controllers/MainViewController.m"; sourceTree = "<group>"; };
		44D279031AC01B4400F0D46F /* EPMaterialKit.app */ = {isa = PBXFileReference; explicitFileType = wrapper.application; includeInIndex = 0; path = EPMaterialKit.app; sourceTree = BUILT_PRODUCTS_DIR; };
		44D279071AC01B4400F0D46F /* Info.plist */ = {isa = PBXFileReference; lastKnownFileType = text.plist.xml; path = Info.plist; sourceTree = "<group>"; };
		44D279081AC01B4400F0D46F /* main.m */ = {isa = PBXFileReference; lastKnownFileType = sourcecode.c.objc; path = main.m; sourceTree = "<group>"; };
		44D2790A1AC01B4400F0D46F /* AppDelegate.h */ = {isa = PBXFileReference; lastKnownFileType = sourcecode.c.h; path = AppDelegate.h; sourceTree = "<group>"; };
		44D2790B1AC01B4400F0D46F /* AppDelegate.m */ = {isa = PBXFileReference; lastKnownFileType = sourcecode.c.objc; path = AppDelegate.m; sourceTree = "<group>"; };
		44D279131AC01B4400F0D46F /* Images.xcassets */ = {isa = PBXFileReference; lastKnownFileType = folder.assetcatalog; path = Images.xcassets; sourceTree = "<group>"; };
		44D2792E1AC0266900F0D46F /* Default-568h@2x.png */ = {isa = PBXFileReference; lastKnownFileType = image.png; path = "Default-568h@2x.png"; sourceTree = "<group>"; };
/* End PBXFileReference section */

/* Begin PBXFrameworksBuildPhase section */
		44D279001AC01B4400F0D46F /* Frameworks */ = {
			isa = PBXFrameworksBuildPhase;
			buildActionMask = 2147483647;
			files = (
			);
			runOnlyForDeploymentPostprocessing = 0;
		};
/* End PBXFrameworksBuildPhase section */

/* Begin PBXGroup section */
		44728C201B0F8B43009D4136 /* Resources */ = {
			isa = PBXGroup;
			children = (
				440A458A1B22044200CB9EF7 /* uibaritem_icon.png */,
				440A458B1B22044200CB9EF7 /* wall-e.png */,
				44728C211B0F8B43009D4136 /* icon1.png */,
				44728C221B0F8B43009D4136 /* icon2.png */,
			);
			path = Resources;
			sourceTree = "<group>";
		};
		44728C251B0F8B94009D4136 /* View Controllers */ = {
			isa = PBXGroup;
			children = (
				44728C3A1B0F968E009D4136 /* MainViewController.h */,
				44728C3B1B0F968E009D4136 /* MainViewController.m */,
				44728C391B0F968E009D4136 /* MainView.xib */,
				44728C261B0F8BED009D4136 /* ButtonsViewController.h */,
				44728C271B0F8BED009D4136 /* ButtonsViewController.m */,
				44728C281B0F8BED009D4136 /* ButtonsView.xib */,
				44241AD01B18C4E7006B757F /* TableCellViewController.h */,
				44241AD11B18C4E7006B757F /* TableCellViewController.m */,
				44241AD21B18C4E7006B757F /* TableCellView.xib */,
				44241AD51B18C946006B757F /* MyTableCell.h */,
				44241AD61B18C946006B757F /* MyTableCell.m */,
				44241ADD1B18D6DB006B757F /* MyTableCell.xib */,
				440A457D1B22013800CB9EF7 /* TextFieldViewController.h */,
				440A457E1B22013800CB9EF7 /* TextFieldViewController.m */,
				440A457F1B22013800CB9EF7 /* TextFieldView.xib */,
				440A45851B2202DF00CB9EF7 /* BarButtonViewController.h */,
				440A45861B2202DF00CB9EF7 /* BarButtonViewController.m */,
				440A45871B2202DF00CB9EF7 /* BarButtonView.xib */,
			);
			name = "View Controllers";
			sourceTree = "<group>";
		};
		44728C2B1B0F8FED009D4136 /* Categories */ = {
			isa = PBXGroup;
			children = (
				44728C2C1B0F9050009D4136 /* UIColor+Extra.h */,
				44728C2D1B0F9050009D4136 /* UIColor+Extra.m */,
			);
			name = Categories;
			sourceTree = "<group>";
		};
		44728C321B0F9406009D4136 /* Source */ = {
			isa = PBXGroup;
			children = (
				44728C331B0F9672009D4136 /* EPButton.h */,
				44728C341B0F9672009D4136 /* EPButton.m */,
				44728C351B0F9672009D4136 /* EPLayer.h */,
				44728C361B0F9672009D4136 /* EPLayer.m */,
				44241AD81B18CA76006B757F /* EPTableViewCell.h */,
				44241AD91B18CA76006B757F /* EPTableViewCell.m */,
				440A457A1B22007E00CB9EF7 /* EPLabel.h */,
				440A457B1B22007E00CB9EF7 /* EPLabel.m */,
				440A45821B2201BA00CB9EF7 /* EPTextField.h */,
				440A45831B2201BA00CB9EF7 /* EPTextField.m */,
				440A458E1B2204A400CB9EF7 /* EPImageView.h */,
				440A458F1B2204A400CB9EF7 /* EPImageView.m */,
			);
			name = Source;
			sourceTree = "<group>";
		};
		44D278FA1AC01B4400F0D46F = {
			isa = PBXGroup;
			children = (
				44D279051AC01B4400F0D46F /* EPMaterialKit */,
				44D279041AC01B4400F0D46F /* Products */,
			);
			sourceTree = "<group>";
		};
		44D279041AC01B4400F0D46F /* Products */ = {
			isa = PBXGroup;
			children = (
				44D279031AC01B4400F0D46F /* EPMaterialKit.app */,
			);
			name = Products;
			sourceTree = "<group>";
		};
		44D279051AC01B4400F0D46F /* EPMaterialKit */ = {
			isa = PBXGroup;
			children = (
				44728C2B1B0F8FED009D4136 /* Categories */,
				44728C251B0F8B94009D4136 /* View Controllers */,
				44728C321B0F9406009D4136 /* Source */,
				44D2790A1AC01B4400F0D46F /* AppDelegate.h */,
				44D2790B1AC01B4400F0D46F /* AppDelegate.m */,
				44728C2F1B0F916E009D4136 /* Global.h */,
				44728C301B0F916E009D4136 /* Global.m */,
				44D279131AC01B4400F0D46F /* Images.xcassets */,
				44728C201B0F8B43009D4136 /* Resources */,
				44D279061AC01B4400F0D46F /* Supporting Files */,
			);
			path = EPMaterialKit;
			sourceTree = "<group>";
		};
		44D279061AC01B4400F0D46F /* Supporting Files */ = {
			isa = PBXGroup;
			children = (
				44D2792E1AC0266900F0D46F /* Default-568h@2x.png */,
				44D279071AC01B4400F0D46F /* Info.plist */,
				44D279081AC01B4400F0D46F /* main.m */,
			);
			name = "Supporting Files";
			sourceTree = "<group>";
		};
/* End PBXGroup section */

/* Begin PBXNativeTarget section */
		44D279021AC01B4400F0D46F /* EPMaterialKit */ = {
			isa = PBXNativeTarget;
			buildConfigurationList = 44D279261AC01B4400F0D46F /* Build configuration list for PBXNativeTarget "EPMaterialKit" */;
			buildPhases = (
				44D278FF1AC01B4400F0D46F /* Sources */,
				44D279001AC01B4400F0D46F /* Frameworks */,
				44D279011AC01B4400F0D46F /* Resources */,
			);
			buildRules = (
			);
			dependencies = (
			);
			name = EPMaterialKit;
			productName = EPMaterialKit;
			productReference = 44D279031AC01B4400F0D46F /* EPMaterialKit.app */;
			productType = "com.apple.product-type.application";
		};
/* End PBXNativeTarget section */

/* Begin PBXProject section */
		44D278FB1AC01B4400F0D46F /* Project object */ = {
			isa = PBXProject;
			attributes = {
				LastUpgradeCheck = 1020;
				ORGANIZATIONNAME = ua.net.pankratov;
				TargetAttributes = {
					44D279021AC01B4400F0D46F = {
						CreatedOnToolsVersion = 6.2;
						DevelopmentTeam = X8324R6WH2;
						ProvisioningStyle = Automatic;
					};
				};
			};
			buildConfigurationList = 44D278FE1AC01B4400F0D46F /* Build configuration list for PBXProject "EPMaterialKit" */;
			compatibilityVersion = "Xcode 3.2";
			developmentRegion = en;
			hasScannedForEncodings = 0;
			knownRegions = (
				en,
				Base,
			);
			mainGroup = 44D278FA1AC01B4400F0D46F;
			productRefGroup = 44D279041AC01B4400F0D46F /* Products */;
			projectDirPath = "";
			projectRoot = "";
			targets = (
				44D279021AC01B4400F0D46F /* EPMaterialKit */,
			);
		};
/* End PBXProject section */

/* Begin PBXResourcesBuildPhase section */
		44D279011AC01B4400F0D46F /* Resources */ = {
			isa = PBXResourcesBuildPhase;
			buildActionMask = 2147483647;
			files = (
				44241AD41B18C4E7006B757F /* TableCellView.xib in Resources */,
				44D279141AC01B4400F0D46F /* Images.xcassets in Resources */,
				44728C241B0F8B43009D4136 /* icon2.png in Resources */,
				44728C231B0F8B43009D4136 /* icon1.png in Resources */,
				44728C3C1B0F968E009D4136 /* MainView.xib in Resources */,
				440A45811B22013800CB9EF7 /* TextFieldView.xib in Resources */,
				440A45891B2202DF00CB9EF7 /* BarButtonView.xib in Resources */,
				44241ADF1B18D6DB006B757F /* MyTableCell.xib in Resources */,
				44728C2A1B0F8BED009D4136 /* ButtonsView.xib in Resources */,
				44D2792F1AC0266900F0D46F /* Default-568h@2x.png in Resources */,
				440A458C1B22044200CB9EF7 /* uibaritem_icon.png in Resources */,
				440A458D1B22044200CB9EF7 /* wall-e.png in Resources */,
			);
			runOnlyForDeploymentPostprocessing = 0;
		};
/* End PBXResourcesBuildPhase section */

/* Begin PBXSourcesBuildPhase section */
		44D278FF1AC01B4400F0D46F /* Sources */ = {
			isa = PBXSourcesBuildPhase;
			buildActionMask = 2147483647;
			files = (
				440A45841B2201BA00CB9EF7 /* EPTextField.m in Sources */,
				44728C291B0F8BED009D4136 /* ButtonsViewController.m in Sources */,
				440A457C1B22007E00CB9EF7 /* EPLabel.m in Sources */,
				44728C2E1B0F9050009D4136 /* UIColor+Extra.m in Sources */,
				44D2790C1AC01B4400F0D46F /* AppDelegate.m in Sources */,
				44728C3D1B0F968E009D4136 /* MainViewController.m in Sources */,
				440A45881B2202DF00CB9EF7 /* BarButtonViewController.m in Sources */,
				44728C311B0F916E009D4136 /* Global.m in Sources */,
				44D279091AC01B4400F0D46F /* main.m in Sources */,
				44728C381B0F9672009D4136 /* EPLayer.m in Sources */,
				44728C371B0F9672009D4136 /* EPButton.m in Sources */,
				440A45901B2204A400CB9EF7 /* EPImageView.m in Sources */,
				44241AD71B18C946006B757F /* MyTableCell.m in Sources */,
				44241AD31B18C4E7006B757F /* TableCellViewController.m in Sources */,
				44241ADA1B18CA76006B757F /* EPTableViewCell.m in Sources */,
				440A45801B22013800CB9EF7 /* TextFieldViewController.m in Sources */,
			);
			runOnlyForDeploymentPostprocessing = 0;
		};
/* End PBXSourcesBuildPhase section */

/* Begin XCBuildConfiguration section */
		44D279241AC01B4400F0D46F /* Debug */ = {
			isa = XCBuildConfiguration;
			buildSettings = {
				ALWAYS_SEARCH_USER_PATHS = NO;
				CLANG_ANALYZER_LOCALIZABILITY_NONLOCALIZED = YES;
				CLANG_CXX_LANGUAGE_STANDARD = "gnu++0x";
				CLANG_CXX_LIBRARY = "libc++";
				CLANG_ENABLE_MODULES = YES;
				CLANG_ENABLE_OBJC_ARC = YES;
				CLANG_WARN_BLOCK_CAPTURE_AUTORELEASING = YES;
				CLANG_WARN_BOOL_CONVERSION = YES;
				CLANG_WARN_COMMA = YES;
				CLANG_WARN_CONSTANT_CONVERSION = YES;
				CLANG_WARN_DEPRECATED_OBJC_IMPLEMENTATIONS = YES;
				CLANG_WARN_DIRECT_OBJC_ISA_USAGE = YES_ERROR;
				CLANG_WARN_EMPTY_BODY = YES;
				CLANG_WARN_ENUM_CONVERSION = YES;
				CLANG_WARN_INFINITE_RECURSION = YES;
				CLANG_WARN_INT_CONVERSION = YES;
				CLANG_WARN_NON_LITERAL_NULL_CONVERSION = YES;
				CLANG_WARN_OBJC_IMPLICIT_RETAIN_SELF = YES;
				CLANG_WARN_OBJC_LITERAL_CONVERSION = YES;
				CLANG_WARN_OBJC_ROOT_CLASS = YES_ERROR;
				CLANG_WARN_RANGE_LOOP_ANALYSIS = YES;
				CLANG_WARN_STRICT_PROTOTYPES = YES;
				CLANG_WARN_SUSPICIOUS_MOVE = YES;
				CLANG_WARN_UNREACHABLE_CODE = YES;
				CLANG_WARN__DUPLICATE_METHOD_MATCH = YES;
				"CODE_SIGN_IDENTITY[sdk=iphoneos*]" = "iPhone Developer";
				COPY_PHASE_STRIP = NO;
				ENABLE_STRICT_OBJC_MSGSEND = YES;
				ENABLE_TESTABILITY = YES;
				GCC_C_LANGUAGE_STANDARD = gnu99;
				GCC_DYNAMIC_NO_PIC = NO;
				GCC_NO_COMMON_BLOCKS = YES;
				GCC_OPTIMIZATION_LEVEL = 0;
				GCC_PREPROCESSOR_DEFINITIONS = (
					"DEBUG=1",
					"$(inherited)",
				);
				GCC_SYMBOLS_PRIVATE_EXTERN = NO;
				GCC_WARN_64_TO_32_BIT_CONVERSION = YES;
				GCC_WARN_ABOUT_RETURN_TYPE = YES_ERROR;
				GCC_WARN_UNDECLARED_SELECTOR = YES;
				GCC_WARN_UNINITIALIZED_AUTOS = YES_AGGRESSIVE;
				GCC_WARN_UNUSED_FUNCTION = YES;
				GCC_WARN_UNUSED_VARIABLE = YES;
				IPHONEOS_DEPLOYMENT_TARGET = 8.2;
				MTL_ENABLE_DEBUG_INFO = YES;
				ONLY_ACTIVE_ARCH = YES;
				SDKROOT = iphoneos;
				TARGETED_DEVICE_FAMILY = "1,2";
			};
			name = Debug;
		};
		44D279251AC01B4400F0D46F /* Release */ = {
			isa = XCBuildConfiguration;
			buildSettings = {
				ALWAYS_SEARCH_USER_PATHS = NO;
				CLANG_ANALYZER_LOCALIZABILITY_NONLOCALIZED = YES;
				CLANG_CXX_LANGUAGE_STANDARD = "gnu++0x";
				CLANG_CXX_LIBRARY = "libc++";
				CLANG_ENABLE_MODULES = YES;
				CLANG_ENABLE_OBJC_ARC = YES;
				CLANG_WARN_BLOCK_CAPTURE_AUTORELEASING = YES;
				CLANG_WARN_BOOL_CONVERSION = YES;
				CLANG_WARN_COMMA = YES;
				CLANG_WARN_CONSTANT_CONVERSION = YES;
				CLANG_WARN_DEPRECATED_OBJC_IMPLEMENTATIONS = YES;
				CLANG_WARN_DIRECT_OBJC_ISA_USAGE = YES_ERROR;
				CLANG_WARN_EMPTY_BODY = YES;
				CLANG_WARN_ENUM_CONVERSION = YES;
				CLANG_WARN_INFINITE_RECURSION = YES;
				CLANG_WARN_INT_CONVERSION = YES;
				CLANG_WARN_NON_LITERAL_NULL_CONVERSION = YES;
				CLANG_WARN_OBJC_IMPLICIT_RETAIN_SELF = YES;
				CLANG_WARN_OBJC_LITERAL_CONVERSION = YES;
				CLANG_WARN_OBJC_ROOT_CLASS = YES_ERROR;
				CLANG_WARN_RANGE_LOOP_ANALYSIS = YES;
				CLANG_WARN_STRICT_PROTOTYPES = YES;
				CLANG_WARN_SUSPICIOUS_MOVE = YES;
				CLANG_WARN_UNREACHABLE_CODE = YES;
				CLANG_WARN__DUPLICATE_METHOD_MATCH = YES;
				"CODE_SIGN_IDENTITY[sdk=iphoneos*]" = "iPhone Developer";
				COPY_PHASE_STRIP = NO;
				ENABLE_NS_ASSERTIONS = NO;
				ENABLE_STRICT_OBJC_MSGSEND = YES;
				GCC_C_LANGUAGE_STANDARD = gnu99;
				GCC_NO_COMMON_BLOCKS = YES;
				GCC_WARN_64_TO_32_BIT_CONVERSION = YES;
				GCC_WARN_ABOUT_RETURN_TYPE = YES_ERROR;
				GCC_WARN_UNDECLARED_SELECTOR = YES;
				GCC_WARN_UNINITIALIZED_AUTOS = YES_AGGRESSIVE;
				GCC_WARN_UNUSED_FUNCTION = YES;
				GCC_WARN_UNUSED_VARIABLE = YES;
				IPHONEOS_DEPLOYMENT_TARGET = 8.2;
				MTL_ENABLE_DEBUG_INFO = NO;
				SDKROOT = iphoneos;
				TARGETED_DEVICE_FAMILY = "1,2";
				VALIDATE_PRODUCT = YES;
			};
			name = Release;
		};
		44D279271AC01B4400F0D46F /* Debug */ = {
			isa = XCBuildConfiguration;
			buildSettings = {
				ASSETCATALOG_COMPILER_APPICON_NAME = AppIcon;
				ASSETCATALOG_COMPILER_LAUNCHIMAGE_NAME = LaunchImage;
				CLANG_ENABLE_OBJC_ARC = YES;
				CLANG_ENABLE_OBJC_WEAK = YES;
				CODE_SIGN_IDENTITY = "iPhone Developer";
				CODE_SIGN_STYLE = Automatic;
				DEVELOPMENT_TEAM = "";
				INFOPLIST_FILE = EPMaterialKit/Info.plist;
				IPHONEOS_DEPLOYMENT_TARGET = 9.0;
				LD_RUNPATH_SEARCH_PATHS = "$(inherited) @executable_path/Frameworks";
				PRODUCT_BUNDLE_IDENTIFIER = "ua.net.pankratov.$(PRODUCT_NAME:rfc1034identifier)";
				PRODUCT_NAME = "$(TARGET_NAME)";
				PROVISIONING_PROFILE = "";
				PROVISIONING_PROFILE_SPECIFIER = "";
				TARGETED_DEVICE_FAMILY = "1,2";
			};
			name = Debug;
		};
		44D279281AC01B4400F0D46F /* Release */ = {
			isa = XCBuildConfiguration;
			buildSettings = {
				ASSETCATALOG_COMPILER_APPICON_NAME = AppIcon;
				ASSETCATALOG_COMPILER_LAUNCHIMAGE_NAME = LaunchImage;
				CLANG_ENABLE_OBJC_ARC = YES;
				CLANG_ENABLE_OBJC_WEAK = YES;
				CODE_SIGN_IDENTITY = "iPhone Developer";
				CODE_SIGN_STYLE = Automatic;
				DEVELOPMENT_TEAM = "";
				INFOPLIST_FILE = EPMaterialKit/Info.plist;
				IPHONEOS_DEPLOYMENT_TARGET = 9.0;
				LD_RUNPATH_SEARCH_PATHS = "$(inherited) @executable_path/Frameworks";
				PRODUCT_BUNDLE_IDENTIFIER = "ua.net.pankratov.$(PRODUCT_NAME:rfc1034identifier)";
				PRODUCT_NAME = "$(TARGET_NAME)";
				PROVISIONING_PROFILE = "";
				PROVISIONING_PROFILE_SPECIFIER = "";
				TARGETED_DEVICE_FAMILY = "1,2";
			};
			name = Release;
		};
/* End XCBuildConfiguration section */

/* Begin XCConfigurationList section */
		44D278FE1AC01B4400F0D46F /* Build configuration list for PBXProject "EPMaterialKit" */ = {
			isa = XCConfigurationList;
			buildConfigurations = (
				44D279241AC01B4400F0D46F /* Debug */,
				44D279251AC01B4400F0D46F /* Release */,
			);
			defaultConfigurationIsVisible = 0;
			defaultConfigurationName = Release;
		};
		44D279261AC01B4400F0D46F /* Build configuration list for PBXNativeTarget "EPMaterialKit" */ = {
			isa = XCConfigurationList;
			buildConfigurations = (
				44D279271AC01B4400F0D46F /* Debug */,
				44D279281AC01B4400F0D46F /* Release */,
			);
			defaultConfigurationIsVisible = 0;
			defaultConfigurationName = Release;
		};
/* End XCConfigurationList section */
	};
	rootObject = 44D278FB1AC01B4400F0D46F /* Project object */;
}
